
Microsoft Visual Studio Solution File, Format Version 12.00
# Visual Studio Version 16
VisualStudioVersion = 16.0.29920.165
MinimumVisualStudioVersion = 10.0.40219.1
Project("{D954291E-2A0B-460D-934E-DC6B0785DB48}") = "Documentation", "Documentation\Documentation.shproj", "{AD5F071B-6040-4F45-84DD-242A80667049}"
EndProject
Global
	GlobalSection(SharedMSBuildProjectFiles) = preSolution
		Documentation\Documentation.projitems*{ad5f071b-6040-4f45-84dd-242a80667049}*SharedItemsImports = 13
	EndGlobalSection
	GlobalSection(SolutionProperties) = preSolution
		HideSolutionNode = FALSE
	EndGlobalSection
	GlobalSection(ExtensibilityGlobals) = postSolution
		SolutionGuid = {B5254871-B1AD-4DAF-8976-4ACF11BDBD05}
	EndGlobalSection
EndGlobal
